
Microsoft Visual Studio Solution File, Format Version 12.00
# Visual Studio Version 16
VisualStudioVersion = 16.0.31019.35
MinimumVisualStudioVersion = 10.0.40219.1
Project("{8BC9CEB8-8B4A-11D0-8D11-00A0C91BC942}") = "Projekt ćwiczeniowy - Figury (jeden plik)", "Projekt ćwiczeniowy - Figury (jeden plik)\Projekt ćwiczeniowy - Figury (jeden plik).vcxproj", "{0E728427-1507-47ED-923F-00B2A688AEC1}"
EndProject
Global
	GlobalSection(SolutionConfigurationPlatforms) = preSolution
		Debug|x64 = Debug|x64
		Debug|x86 = Debug|x86
		Release|x64 = Release|x64
		Release|x86 = Release|x86
	EndGlobalSection
	GlobalSection(ProjectConfigurationPlatforms) = postSolution
		{0E728427-1507-47ED-923F-00B2A688AEC1}.Debug|x64.ActiveCfg = Debug|x64
		{0E728427-1507-47ED-923F-00B2A688AEC1}.Debug|x64.Build.0 = Debug|x64
		{0E728427-1507-47ED-923F-00B2A688AEC1}.Debug|x86.ActiveCfg = Debug|Win32
		{0E728427-1507-47ED-923F-00B2A688AEC1}.Debug|x86.Build.0 = Debug|Win32
		{0E728427-1507-47ED-923F-00B2A688AEC1}.Release|x64.ActiveCfg = Release|x64
		{0E728427-1507-47ED-923F-00B2A688AEC1}.Release|x64.Build.0 = Release|x64
		{0E728427-1507-47ED-923F-00B2A688AEC1}.Release|x86.ActiveCfg = Release|Win32
		{0E728427-1507-47ED-923F-00B2A688AEC1}.Release|x86.Build.0 = Release|Win32
	EndGlobalSection
	GlobalSection(SolutionProperties) = preSolution
		HideSolutionNode = FALSE
	EndGlobalSection
	GlobalSection(ExtensibilityGlobals) = postSolution
		SolutionGuid = {D1951419-5373-42B5-8395-2EE0526CBAE0}
	EndGlobalSection
EndGlobal
