
Microsoft Visual Studio Solution File, Format Version 12.00
# Visual Studio Version 16
VisualStudioVersion = 16.0.31911.196
MinimumVisualStudioVersion = 10.0.40219.1
Project("{8BC9CEB8-8B4A-11D0-8D11-00A0C91BC942}") = "Ćw - Samochody", "Ćw - Samochody\Ćw - Samochody.vcxproj", "{B0226900-19F3-4720-97B4-A4C42D1E7730}"
EndProject
Global
	GlobalSection(SolutionConfigurationPlatforms) = preSolution
		Debug|x64 = Debug|x64
		Debug|x86 = Debug|x86
		Release|x64 = Release|x64
		Release|x86 = Release|x86
	EndGlobalSection
	GlobalSection(ProjectConfigurationPlatforms) = postSolution
		{B0226900-19F3-4720-97B4-A4C42D1E7730}.Debug|x64.ActiveCfg = Debug|x64
		{B0226900-19F3-4720-97B4-A4C42D1E7730}.Debug|x64.Build.0 = Debug|x64
		{B0226900-19F3-4720-97B4-A4C42D1E7730}.Debug|x86.ActiveCfg = Debug|Win32
		{B0226900-19F3-4720-97B4-A4C42D1E7730}.Debug|x86.Build.0 = Debug|Win32
		{B0226900-19F3-4720-97B4-A4C42D1E7730}.Release|x64.ActiveCfg = Release|x64
		{B0226900-19F3-4720-97B4-A4C42D1E7730}.Release|x64.Build.0 = Release|x64
		{B0226900-19F3-4720-97B4-A4C42D1E7730}.Release|x86.ActiveCfg = Release|Win32
		{B0226900-19F3-4720-97B4-A4C42D1E7730}.Release|x86.Build.0 = Release|Win32
	EndGlobalSection
	GlobalSection(SolutionProperties) = preSolution
		HideSolutionNode = FALSE
	EndGlobalSection
	GlobalSection(ExtensibilityGlobals) = postSolution
		SolutionGuid = {357A7513-2CC5-4A33-8BCD-374C9223DA52}
	EndGlobalSection
EndGlobal
