
Microsoft Visual Studio Solution File, Format Version 12.00
# Visual Studio Version 16
VisualStudioVersion = 16.0.31911.196
MinimumVisualStudioVersion = 10.0.40219.1
Project("{8BC9CEB8-8B4A-11D0-8D11-00A0C91BC942}") = "Ćw - Taśma", "Ćw - Taśma\Ćw - Taśma.vcxproj", "{4B2A9C49-9582-4D40-826A-4ABE26C9B318}"
EndProject
Global
	GlobalSection(SolutionConfigurationPlatforms) = preSolution
		Debug|x64 = Debug|x64
		Debug|x86 = Debug|x86
		Release|x64 = Release|x64
		Release|x86 = Release|x86
	EndGlobalSection
	GlobalSection(ProjectConfigurationPlatforms) = postSolution
		{4B2A9C49-9582-4D40-826A-4ABE26C9B318}.Debug|x64.ActiveCfg = Debug|x64
		{4B2A9C49-9582-4D40-826A-4ABE26C9B318}.Debug|x64.Build.0 = Debug|x64
		{4B2A9C49-9582-4D40-826A-4ABE26C9B318}.Debug|x86.ActiveCfg = Debug|Win32
		{4B2A9C49-9582-4D40-826A-4ABE26C9B318}.Debug|x86.Build.0 = Debug|Win32
		{4B2A9C49-9582-4D40-826A-4ABE26C9B318}.Release|x64.ActiveCfg = Release|x64
		{4B2A9C49-9582-4D40-826A-4ABE26C9B318}.Release|x64.Build.0 = Release|x64
		{4B2A9C49-9582-4D40-826A-4ABE26C9B318}.Release|x86.ActiveCfg = Release|Win32
		{4B2A9C49-9582-4D40-826A-4ABE26C9B318}.Release|x86.Build.0 = Release|Win32
	EndGlobalSection
	GlobalSection(SolutionProperties) = preSolution
		HideSolutionNode = FALSE
	EndGlobalSection
	GlobalSection(ExtensibilityGlobals) = postSolution
		SolutionGuid = {9E89133B-8D3B-4021-9CA5-4A6EDF39B4B8}
	EndGlobalSection
EndGlobal
