
Microsoft Visual Studio Solution File, Format Version 12.00
# Visual Studio Version 16
VisualStudioVersion = 16.0.31019.35
MinimumVisualStudioVersion = 10.0.40219.1
Project("{8BC9CEB8-8B4A-11D0-8D11-00A0C91BC942}") = "Zadanie testowe - wektory", "Zadanie testowe - wektory\Zadanie testowe - wektory.vcxproj", "{3FABB6B3-8B8A-4018-BB25-49ECC00D3C67}"
EndProject
Global
	GlobalSection(SolutionConfigurationPlatforms) = preSolution
		Debug|x64 = Debug|x64
		Debug|x86 = Debug|x86
		Release|x64 = Release|x64
		Release|x86 = Release|x86
	EndGlobalSection
	GlobalSection(ProjectConfigurationPlatforms) = postSolution
		{3FABB6B3-8B8A-4018-BB25-49ECC00D3C67}.Debug|x64.ActiveCfg = Debug|x64
		{3FABB6B3-8B8A-4018-BB25-49ECC00D3C67}.Debug|x64.Build.0 = Debug|x64
		{3FABB6B3-8B8A-4018-BB25-49ECC00D3C67}.Debug|x86.ActiveCfg = Debug|Win32
		{3FABB6B3-8B8A-4018-BB25-49ECC00D3C67}.Debug|x86.Build.0 = Debug|Win32
		{3FABB6B3-8B8A-4018-BB25-49ECC00D3C67}.Release|x64.ActiveCfg = Release|x64
		{3FABB6B3-8B8A-4018-BB25-49ECC00D3C67}.Release|x64.Build.0 = Release|x64
		{3FABB6B3-8B8A-4018-BB25-49ECC00D3C67}.Release|x86.ActiveCfg = Release|Win32
		{3FABB6B3-8B8A-4018-BB25-49ECC00D3C67}.Release|x86.Build.0 = Release|Win32
	EndGlobalSection
	GlobalSection(SolutionProperties) = preSolution
		HideSolutionNode = FALSE
	EndGlobalSection
	GlobalSection(ExtensibilityGlobals) = postSolution
		SolutionGuid = {702CA68D-C0B4-45F7-9283-0E8E7254E5B5}
	EndGlobalSection
EndGlobal
